
Microsoft Visual Studio Solution File, Format Version 12.00
# Blend for Visual Studio Version 17
VisualStudioVersion = 17.7.34221.43
MinimumVisualStudioVersion = 10.0.40219.1
Project("{FAE04EC0-301F-11D3-BF4B-00C04F79EFBC}") = "testBtn", "testBtn\testBtn.csproj", "{A9E3660A-150E-4041-AAB6-E3DA28CAD784}"
EndProject
Global
	GlobalSection(SolutionConfigurationPlatforms) = preSolution
		Debug|Any CPU = Debug|Any CPU
		Release|Any CPU = Release|Any CPU
	EndGlobalSection
	GlobalSection(ProjectConfigurationPlatforms) = postSolution
		{A9E3660A-150E-4041-AAB6-E3DA28CAD784}.Debug|Any CPU.ActiveCfg = Debug|Any CPU
		{A9E3660A-150E-4041-AAB6-E3DA28CAD784}.Debug|Any CPU.Build.0 = Debug|Any CPU
		{A9E3660A-150E-4041-AAB6-E3DA28CAD784}.Release|Any CPU.ActiveCfg = Release|Any CPU
		{A9E3660A-150E-4041-AAB6-E3DA28CAD784}.Release|Any CPU.Build.0 = Release|Any CPU
	EndGlobalSection
	GlobalSection(SolutionProperties) = preSolution
		HideSolutionNode = FALSE
	EndGlobalSection
	GlobalSection(ExtensibilityGlobals) = postSolution
		SolutionGuid = {FC126C0B-A4AA-44B7-A5F9-01AC01A32A88}
	EndGlobalSection
EndGlobal
