
Microsoft Visual Studio Solution File, Format Version 12.00
# Visual Studio Version 17
VisualStudioVersion = 17.7.34221.43
MinimumVisualStudioVersion = 10.0.40219.1
Project("{9A19103F-16F7-4668-BE54-9A1E7A4F7556}") = "RecupDonnee", "RecupDonnee\RecupDonnee.csproj", "{F05ADA24-117E-427B-91E9-CC08EBE90269}"
EndProject
Project("{FAE04EC0-301F-11D3-BF4B-00C04F79EFBC}") = "CreerTableObjet", "CreerTableObjet\CreerTableObjet.csproj", "{DDD1EFB2-B64D-4E58-B8B8-7AE7238A26F3}"
EndProject
Global
	GlobalSection(SolutionConfigurationPlatforms) = preSolution
		Debug|Any CPU = Debug|Any CPU
		Release|Any CPU = Release|Any CPU
	EndGlobalSection
	GlobalSection(ProjectConfigurationPlatforms) = postSolution
		{F05ADA24-117E-427B-91E9-CC08EBE90269}.Debug|Any CPU.ActiveCfg = Debug|Any CPU
		{F05ADA24-117E-427B-91E9-CC08EBE90269}.Debug|Any CPU.Build.0 = Debug|Any CPU
		{F05ADA24-117E-427B-91E9-CC08EBE90269}.Release|Any CPU.ActiveCfg = Release|Any CPU
		{F05ADA24-117E-427B-91E9-CC08EBE90269}.Release|Any CPU.Build.0 = Release|Any CPU
		{DDD1EFB2-B64D-4E58-B8B8-7AE7238A26F3}.Debug|Any CPU.ActiveCfg = Debug|Any CPU
		{DDD1EFB2-B64D-4E58-B8B8-7AE7238A26F3}.Debug|Any CPU.Build.0 = Debug|Any CPU
		{DDD1EFB2-B64D-4E58-B8B8-7AE7238A26F3}.Release|Any CPU.ActiveCfg = Release|Any CPU
		{DDD1EFB2-B64D-4E58-B8B8-7AE7238A26F3}.Release|Any CPU.Build.0 = Release|Any CPU
	EndGlobalSection
	GlobalSection(SolutionProperties) = preSolution
		HideSolutionNode = FALSE
	EndGlobalSection
	GlobalSection(ExtensibilityGlobals) = postSolution
		SolutionGuid = {34E1A8C9-E7DB-4136-93C9-6EFD4A2FF6DF}
	EndGlobalSection
EndGlobal
