
Microsoft Visual Studio Solution File, Format Version 12.00
# Visual Studio Version 17
VisualStudioVersion = 17.7.34221.43
MinimumVisualStudioVersion = 10.0.40219.1
Project("{FAE04EC0-301F-11D3-BF4B-00C04F79EFBC}") = "Compte", "Compte\Compte.csproj", "{1A200241-1E69-41EE-93BA-4F4B6AD26C1B}"
EndProject
Global
	GlobalSection(SolutionConfigurationPlatforms) = preSolution
		Debug|Any CPU = Debug|Any CPU
		Release|Any CPU = Release|Any CPU
	EndGlobalSection
	GlobalSection(ProjectConfigurationPlatforms) = postSolution
		{1A200241-1E69-41EE-93BA-4F4B6AD26C1B}.Debug|Any CPU.ActiveCfg = Debug|Any CPU
		{1A200241-1E69-41EE-93BA-4F4B6AD26C1B}.Debug|Any CPU.Build.0 = Debug|Any CPU
		{1A200241-1E69-41EE-93BA-4F4B6AD26C1B}.Release|Any CPU.ActiveCfg = Release|Any CPU
		{1A200241-1E69-41EE-93BA-4F4B6AD26C1B}.Release|Any CPU.Build.0 = Release|Any CPU
	EndGlobalSection
	GlobalSection(SolutionProperties) = preSolution
		HideSolutionNode = FALSE
	EndGlobalSection
	GlobalSection(ExtensibilityGlobals) = postSolution
		SolutionGuid = {CC1C69D1-91AF-431C-A5CB-DE7CA35997BD}
	EndGlobalSection
EndGlobal
