
Microsoft Visual Studio Solution File, Format Version 12.00
# Visual Studio Version 17
VisualStudioVersion = 17.7.34221.43
MinimumVisualStudioVersion = 10.0.40219.1
Project("{9A19103F-16F7-4668-BE54-9A1E7A4F7556}") = "gestionStock", "gestionStock\gestionStock.csproj", "{BC9A8B80-392B-4214-8000-FBBC081567CD}"
EndProject
Project("{FAE04EC0-301F-11D3-BF4B-00C04F79EFBC}") = "ClassBiblio", "ClassBiblio\ClassBiblio.csproj", "{BE2A87D0-AE34-4D9A-8A44-75866AE568F0}"
EndProject
Project("{54435603-DBB4-11D2-8724-00A0C9A8B90C}") = "GestionStockStartup", "GestionStockStartup\GestionStockStartup.vdproj", "{E98B1093-63AE-4D5B-B4FB-F296B0450063}"
EndProject
Global
	GlobalSection(SolutionConfigurationPlatforms) = preSolution
		Debug|Any CPU = Debug|Any CPU
		Release|Any CPU = Release|Any CPU
	EndGlobalSection
	GlobalSection(ProjectConfigurationPlatforms) = postSolution
		{BC9A8B80-392B-4214-8000-FBBC081567CD}.Debug|Any CPU.ActiveCfg = Debug|Any CPU
		{BC9A8B80-392B-4214-8000-FBBC081567CD}.Debug|Any CPU.Build.0 = Debug|Any CPU
		{BC9A8B80-392B-4214-8000-FBBC081567CD}.Release|Any CPU.ActiveCfg = Release|Any CPU
		{BC9A8B80-392B-4214-8000-FBBC081567CD}.Release|Any CPU.Build.0 = Release|Any CPU
		{BE2A87D0-AE34-4D9A-8A44-75866AE568F0}.Debug|Any CPU.ActiveCfg = Debug|Any CPU
		{BE2A87D0-AE34-4D9A-8A44-75866AE568F0}.Debug|Any CPU.Build.0 = Debug|Any CPU
		{BE2A87D0-AE34-4D9A-8A44-75866AE568F0}.Release|Any CPU.ActiveCfg = Release|Any CPU
		{BE2A87D0-AE34-4D9A-8A44-75866AE568F0}.Release|Any CPU.Build.0 = Release|Any CPU
		{E98B1093-63AE-4D5B-B4FB-F296B0450063}.Debug|Any CPU.ActiveCfg = Debug
		{E98B1093-63AE-4D5B-B4FB-F296B0450063}.Release|Any CPU.ActiveCfg = Release
	EndGlobalSection
	GlobalSection(SolutionProperties) = preSolution
		HideSolutionNode = FALSE
	EndGlobalSection
	GlobalSection(ExtensibilityGlobals) = postSolution
		SolutionGuid = {0E6AFD89-B2CE-4D8B-B359-2A200DB5F603}
	EndGlobalSection
EndGlobal
