
Microsoft Visual Studio Solution File, Format Version 12.00
# Visual Studio Version 17
VisualStudioVersion = 17.7.34221.43
MinimumVisualStudioVersion = 10.0.40219.1
Project("{9A19103F-16F7-4668-BE54-9A1E7A4F7556}") = "Calculatrice", "Calculatrice\Calculatrice.csproj", "{4963CDA0-E5F4-4C38-90E9-49BB73AEAD2D}"
EndProject
Project("{9A19103F-16F7-4668-BE54-9A1E7A4F7556}") = "Calendier", "Calendier\Calendier.csproj", "{FE52391B-6456-48B5-9E94-7EB10F1B03A5}"
EndProject
Project("{9A19103F-16F7-4668-BE54-9A1E7A4F7556}") = "Adhesion", "Adhesion\Adhesion.csproj", "{221D0DCA-9CD0-4CD6-A350-C0E1F2F01E70}"
EndProject
Project("{9A19103F-16F7-4668-BE54-9A1E7A4F7556}") = "Produits", "Produits\Produits.csproj", "{77CC9C22-A7B9-4C16-9408-F875404C530D}"
EndProject
Project("{FAE04EC0-301F-11D3-BF4B-00C04F79EFBC}") = "Operation", "Operation\Operation.csproj", "{42E76940-A1F0-4F26-9EC5-B3D907995FF7}"
EndProject
Global
	GlobalSection(SolutionConfigurationPlatforms) = preSolution
		Debug|Any CPU = Debug|Any CPU
		Release|Any CPU = Release|Any CPU
	EndGlobalSection
	GlobalSection(ProjectConfigurationPlatforms) = postSolution
		{4963CDA0-E5F4-4C38-90E9-49BB73AEAD2D}.Debug|Any CPU.ActiveCfg = Debug|Any CPU
		{4963CDA0-E5F4-4C38-90E9-49BB73AEAD2D}.Debug|Any CPU.Build.0 = Debug|Any CPU
		{4963CDA0-E5F4-4C38-90E9-49BB73AEAD2D}.Release|Any CPU.ActiveCfg = Release|Any CPU
		{4963CDA0-E5F4-4C38-90E9-49BB73AEAD2D}.Release|Any CPU.Build.0 = Release|Any CPU
		{FE52391B-6456-48B5-9E94-7EB10F1B03A5}.Debug|Any CPU.ActiveCfg = Debug|Any CPU
		{FE52391B-6456-48B5-9E94-7EB10F1B03A5}.Debug|Any CPU.Build.0 = Debug|Any CPU
		{FE52391B-6456-48B5-9E94-7EB10F1B03A5}.Release|Any CPU.ActiveCfg = Release|Any CPU
		{FE52391B-6456-48B5-9E94-7EB10F1B03A5}.Release|Any CPU.Build.0 = Release|Any CPU
		{221D0DCA-9CD0-4CD6-A350-C0E1F2F01E70}.Debug|Any CPU.ActiveCfg = Debug|Any CPU
		{221D0DCA-9CD0-4CD6-A350-C0E1F2F01E70}.Debug|Any CPU.Build.0 = Debug|Any CPU
		{221D0DCA-9CD0-4CD6-A350-C0E1F2F01E70}.Release|Any CPU.ActiveCfg = Release|Any CPU
		{221D0DCA-9CD0-4CD6-A350-C0E1F2F01E70}.Release|Any CPU.Build.0 = Release|Any CPU
		{77CC9C22-A7B9-4C16-9408-F875404C530D}.Debug|Any CPU.ActiveCfg = Debug|Any CPU
		{77CC9C22-A7B9-4C16-9408-F875404C530D}.Debug|Any CPU.Build.0 = Debug|Any CPU
		{77CC9C22-A7B9-4C16-9408-F875404C530D}.Release|Any CPU.ActiveCfg = Release|Any CPU
		{77CC9C22-A7B9-4C16-9408-F875404C530D}.Release|Any CPU.Build.0 = Release|Any CPU
		{42E76940-A1F0-4F26-9EC5-B3D907995FF7}.Debug|Any CPU.ActiveCfg = Debug|Any CPU
		{42E76940-A1F0-4F26-9EC5-B3D907995FF7}.Debug|Any CPU.Build.0 = Debug|Any CPU
		{42E76940-A1F0-4F26-9EC5-B3D907995FF7}.Release|Any CPU.ActiveCfg = Release|Any CPU
		{42E76940-A1F0-4F26-9EC5-B3D907995FF7}.Release|Any CPU.Build.0 = Release|Any CPU
	EndGlobalSection
	GlobalSection(SolutionProperties) = preSolution
		HideSolutionNode = FALSE
	EndGlobalSection
	GlobalSection(ExtensibilityGlobals) = postSolution
		SolutionGuid = {D591CD50-FCA6-460F-8E3F-87858D9C9F72}
	EndGlobalSection
EndGlobal
