
Microsoft Visual Studio Solution File, Format Version 12.00
# Visual Studio Version 17
VisualStudioVersion = 17.7.34221.43
MinimumVisualStudioVersion = 10.0.40219.1
Project("{9A19103F-16F7-4668-BE54-9A1E7A4F7556}") = "CRUDGestionCours", "CRUDGestionCours\CRUDGestionCours.csproj", "{4412433D-61B9-49B4-B4DA-2310AB2743ED}"
EndProject
Project("{FAE04EC0-301F-11D3-BF4B-00C04F79EFBC}") = "ClassLibrary1", "ClassLibrary1\ClassLibrary1.csproj", "{55983173-41BC-47A7-B08D-A35DCCE1213B}"
EndProject
Project("{54435603-DBB4-11D2-8724-00A0C9A8B90C}") = "Setup1", "Setup1\Setup1.vdproj", "{4176D45E-6AB3-4437-A8AA-539BF71B0217}"
EndProject
Global
	GlobalSection(SolutionConfigurationPlatforms) = preSolution
		Debug|Any CPU = Debug|Any CPU
		Release|Any CPU = Release|Any CPU
	EndGlobalSection
	GlobalSection(ProjectConfigurationPlatforms) = postSolution
		{4412433D-61B9-49B4-B4DA-2310AB2743ED}.Debug|Any CPU.ActiveCfg = Debug|Any CPU
		{4412433D-61B9-49B4-B4DA-2310AB2743ED}.Debug|Any CPU.Build.0 = Debug|Any CPU
		{4412433D-61B9-49B4-B4DA-2310AB2743ED}.Release|Any CPU.ActiveCfg = Release|Any CPU
		{4412433D-61B9-49B4-B4DA-2310AB2743ED}.Release|Any CPU.Build.0 = Release|Any CPU
		{55983173-41BC-47A7-B08D-A35DCCE1213B}.Debug|Any CPU.ActiveCfg = Debug|Any CPU
		{55983173-41BC-47A7-B08D-A35DCCE1213B}.Debug|Any CPU.Build.0 = Debug|Any CPU
		{55983173-41BC-47A7-B08D-A35DCCE1213B}.Release|Any CPU.ActiveCfg = Release|Any CPU
		{55983173-41BC-47A7-B08D-A35DCCE1213B}.Release|Any CPU.Build.0 = Release|Any CPU
		{4176D45E-6AB3-4437-A8AA-539BF71B0217}.Debug|Any CPU.ActiveCfg = Debug
		{4176D45E-6AB3-4437-A8AA-539BF71B0217}.Release|Any CPU.ActiveCfg = Release
	EndGlobalSection
	GlobalSection(SolutionProperties) = preSolution
		HideSolutionNode = FALSE
	EndGlobalSection
	GlobalSection(ExtensibilityGlobals) = postSolution
		SolutionGuid = {83DACC00-0158-4BE9-A7C9-422E2BA3659E}
	EndGlobalSection
EndGlobal
