
Microsoft Visual Studio Solution File, Format Version 12.00
# Blend for Visual Studio Version 17
VisualStudioVersion = 17.7.34221.43
MinimumVisualStudioVersion = 10.0.40219.1
Project("{FAE04EC0-301F-11D3-BF4B-00C04F79EFBC}") = "Buttons", "Buttons\Buttons.csproj", "{AD333BE1-2E70-4C29-9268-9D31750726B7}"
EndProject
Global
	GlobalSection(SolutionConfigurationPlatforms) = preSolution
		Debug|Any CPU = Debug|Any CPU
		Release|Any CPU = Release|Any CPU
	EndGlobalSection
	GlobalSection(ProjectConfigurationPlatforms) = postSolution
		{AD333BE1-2E70-4C29-9268-9D31750726B7}.Debug|Any CPU.ActiveCfg = Debug|Any CPU
		{AD333BE1-2E70-4C29-9268-9D31750726B7}.Debug|Any CPU.Build.0 = Debug|Any CPU
		{AD333BE1-2E70-4C29-9268-9D31750726B7}.Release|Any CPU.ActiveCfg = Release|Any CPU
		{AD333BE1-2E70-4C29-9268-9D31750726B7}.Release|Any CPU.Build.0 = Release|Any CPU
	EndGlobalSection
	GlobalSection(SolutionProperties) = preSolution
		HideSolutionNode = FALSE
	EndGlobalSection
	GlobalSection(ExtensibilityGlobals) = postSolution
		SolutionGuid = {A7344AE7-C157-43BF-8BC7-072D93D281BD}
	EndGlobalSection
EndGlobal
